// !$*UTF8*$!
{
	archiveVersion = 1;
	classes = {
	};
	objectVersion = 55;
	objects = {

/* Begin PBXBuildFile section */
		2F11560E284A4BFA003B0A3E /* MainViewController+Extension.swift in Sources */ = {isa = PBXBuildFile; fileRef = 2F11560D284A4BFA003B0A3E /* MainViewController+Extension.swift */; };
		2F115612284A66ED003B0A3E /* KelvinToCelsiusConverter+Extension.swift in Sources */ = {isa = PBXBuildFile; fileRef = 2F115611284A66ED003B0A3E /* KelvinToCelsiusConverter+Extension.swift */; };
		2F3D997F28438AEE00F97BC5 /* WeatherModel.swift in Sources */ = {isa = PBXBuildFile; fileRef = 2F3D997E28438AEE00F97BC5 /* WeatherModel.swift */; };
		2F3D99A5284559D200F97BC5 /* MainPresenter.swift in Sources */ = {isa = PBXBuildFile; fileRef = 2F3D99A4284559D200F97BC5 /* MainPresenter.swift */; };
		2F41BB5C286203DD00F66175 /* DailyModel.swift in Sources */ = {isa = PBXBuildFile; fileRef = 2F41BB5B286203DD00F66175 /* DailyModel.swift */; };
		2F4E8D54288D760A00A1F14B /* Item+CoreDataClass.swift in Sources */ = {isa = PBXBuildFile; fileRef = 2F4E8D52288D760A00A1F14B /* Item+CoreDataClass.swift */; };
		2F4E8D55288D760A00A1F14B /* Item+CoreDataProperties.swift in Sources */ = {isa = PBXBuildFile; fileRef = 2F4E8D53288D760A00A1F14B /* Item+CoreDataProperties.swift */; };
		2F4E8D5C288D842600A1F14B /* CitiesViewController+Extension.swift in Sources */ = {isa = PBXBuildFile; fileRef = 2F4E8D5B288D842600A1F14B /* CitiesViewController+Extension.swift */; };
		2F8FEAB4288D5CC000E32A77 /* CitiesListPresenter.swift in Sources */ = {isa = PBXBuildFile; fileRef = 2F8FEAB3288D5CC000E32A77 /* CitiesListPresenter.swift */; };
		2F8FEAB6288D5D0100E32A77 /* CitiesListViewController.swift in Sources */ = {isa = PBXBuildFile; fileRef = 2F8FEAB5288D5D0100E32A77 /* CitiesListViewController.swift */; };
		2FAF139C28417BDB003A03B0 /* AppDelegate.swift in Sources */ = {isa = PBXBuildFile; fileRef = 2FAF139B28417BDB003A03B0 /* AppDelegate.swift */; };
		2FAF139E28417BDB003A03B0 /* SceneDelegate.swift in Sources */ = {isa = PBXBuildFile; fileRef = 2FAF139D28417BDB003A03B0 /* SceneDelegate.swift */; };
		2FAF13A028417BDB003A03B0 /* MainViewController.swift in Sources */ = {isa = PBXBuildFile; fileRef = 2FAF139F28417BDB003A03B0 /* MainViewController.swift */; };
		2FAF13A528417BDC003A03B0 /* Assets.xcassets in Resources */ = {isa = PBXBuildFile; fileRef = 2FAF13A428417BDC003A03B0 /* Assets.xcassets */; };
		2FAF13A828417BDD003A03B0 /* LaunchScreen.storyboard in Resources */ = {isa = PBXBuildFile; fileRef = 2FAF13A628417BDD003A03B0 /* LaunchScreen.storyboard */; };
		2FAF13B728417C69003A03B0 /* WeatherAPI.swift in Sources */ = {isa = PBXBuildFile; fileRef = 2FAF13B128417C69003A03B0 /* WeatherAPI.swift */; };
		2FAF13B828417C69003A03B0 /* NetworkingError.swift in Sources */ = {isa = PBXBuildFile; fileRef = 2FAF13B228417C69003A03B0 /* NetworkingError.swift */; };
		2FAF13B928417C69003A03B0 /* HTTPMethod.swift in Sources */ = {isa = PBXBuildFile; fileRef = 2FAF13B328417C69003A03B0 /* HTTPMethod.swift */; };
		2FAF13BA28417C69003A03B0 /* HTTPScheme.swift in Sources */ = {isa = PBXBuildFile; fileRef = 2FAF13B428417C69003A03B0 /* HTTPScheme.swift */; };
		2FAF13BB28417C69003A03B0 /* NetworkingManager.swift in Sources */ = {isa = PBXBuildFile; fileRef = 2FAF13B528417C69003A03B0 /* NetworkingManager.swift */; };
		2FAF13BC28417C69003A03B0 /* API.swift in Sources */ = {isa = PBXBuildFile; fileRef = 2FAF13B628417C69003A03B0 /* API.swift */; };
		2FCA96D8284F7EEC00328173 /* DailyTableViewCell.swift in Sources */ = {isa = PBXBuildFile; fileRef = 2FCA96D7284F7EEC00328173 /* DailyTableViewCell.swift */; };
		2FCA96DA284F924700328173 /* IntAndHourConfigure+Extension.swift in Sources */ = {isa = PBXBuildFile; fileRef = 2FCA96D9284F924700328173 /* IntAndHourConfigure+Extension.swift */; };
		2FCA96DC284F98A800328173 /* UIImageView+Extension.swift in Sources */ = {isa = PBXBuildFile; fileRef = 2FCA96DB284F98A800328173 /* UIImageView+Extension.swift */; };
		2FCF35512872103A00EBCA88 /* ForecasCollectionViewCell.swift in Sources */ = {isa = PBXBuildFile; fileRef = 2FCF35502872103A00EBCA88 /* ForecasCollectionViewCell.swift */; };
		2FFB80E7288D660B0062BCCE /* weatherAppTest.xcdatamodeld in Sources */ = {isa = PBXBuildFile; fileRef = 2FFB80E5288D660B0062BCCE /* weatherAppTest.xcdatamodeld */; };
		2FFB80EF288D6DD00062BCCE /* StorageManager.swift in Sources */ = {isa = PBXBuildFile; fileRef = 2FFB80EE288D6DD00062BCCE /* StorageManager.swift */; };
		2FFB80F1288D6DFD0062BCCE /* CoreDataStack.swift in Sources */ = {isa = PBXBuildFile; fileRef = 2FFB80F0288D6DFD0062BCCE /* CoreDataStack.swift */; };
/* End PBXBuildFile section */

/* Begin PBXFileReference section */
		2F11560D284A4BFA003B0A3E /* MainViewController+Extension.swift */ = {isa = PBXFileReference; lastKnownFileType = sourcecode.swift; path = "MainViewController+Extension.swift"; sourceTree = "<group>"; };
		2F115611284A66ED003B0A3E /* KelvinToCelsiusConverter+Extension.swift */ = {isa = PBXFileReference; lastKnownFileType = sourcecode.swift; path = "KelvinToCelsiusConverter+Extension.swift"; sourceTree = "<group>"; };
		2F3D997E28438AEE00F97BC5 /* WeatherModel.swift */ = {isa = PBXFileReference; fileEncoding = 4; lastKnownFileType = sourcecode.swift; path = WeatherModel.swift; sourceTree = "<group>"; };
		2F3D99A4284559D200F97BC5 /* MainPresenter.swift */ = {isa = PBXFileReference; lastKnownFileType = sourcecode.swift; path = MainPresenter.swift; sourceTree = "<group>"; };
		2F41BB5B286203DD00F66175 /* DailyModel.swift */ = {isa = PBXFileReference; lastKnownFileType = sourcecode.swift; path = DailyModel.swift; sourceTree = "<group>"; };
		2F4E8D52288D760A00A1F14B /* Item+CoreDataClass.swift */ = {isa = PBXFileReference; lastKnownFileType = sourcecode.swift; path = "Item+CoreDataClass.swift"; sourceTree = "<group>"; };
		2F4E8D53288D760A00A1F14B /* Item+CoreDataProperties.swift */ = {isa = PBXFileReference; lastKnownFileType = sourcecode.swift; path = "Item+CoreDataProperties.swift"; sourceTree = "<group>"; };
		2F4E8D5B288D842600A1F14B /* CitiesViewController+Extension.swift */ = {isa = PBXFileReference; lastKnownFileType = sourcecode.swift; path = "CitiesViewController+Extension.swift"; sourceTree = "<group>"; };
		2F8FEAB3288D5CC000E32A77 /* CitiesListPresenter.swift */ = {isa = PBXFileReference; lastKnownFileType = sourcecode.swift; path = CitiesListPresenter.swift; sourceTree = "<group>"; };
		2F8FEAB5288D5D0100E32A77 /* CitiesListViewController.swift */ = {isa = PBXFileReference; lastKnownFileType = sourcecode.swift; path = CitiesListViewController.swift; sourceTree = "<group>"; };
		2FAF139828417BDB003A03B0 /* weatherAppTest.app */ = {isa = PBXFileReference; explicitFileType = wrapper.application; includeInIndex = 0; path = weatherAppTest.app; sourceTree = BUILT_PRODUCTS_DIR; };
		2FAF139B28417BDB003A03B0 /* AppDelegate.swift */ = {isa = PBXFileReference; lastKnownFileType = sourcecode.swift; path = AppDelegate.swift; sourceTree = "<group>"; };
		2FAF139D28417BDB003A03B0 /* SceneDelegate.swift */ = {isa = PBXFileReference; lastKnownFileType = sourcecode.swift; path = SceneDelegate.swift; sourceTree = "<group>"; };
		2FAF139F28417BDB003A03B0 /* MainViewController.swift */ = {isa = PBXFileReference; lastKnownFileType = sourcecode.swift; path = MainViewController.swift; sourceTree = "<group>"; };
		2FAF13A428417BDC003A03B0 /* Assets.xcassets */ = {isa = PBXFileReference; lastKnownFileType = folder.assetcatalog; path = Assets.xcassets; sourceTree = "<group>"; };
		2FAF13A728417BDD003A03B0 /* Base */ = {isa = PBXFileReference; lastKnownFileType = file.storyboard; name = Base; path = Base.lproj/LaunchScreen.storyboard; sourceTree = "<group>"; };
		2FAF13A928417BDD003A03B0 /* Info.plist */ = {isa = PBXFileReference; lastKnownFileType = text.plist.xml; path = Info.plist; sourceTree = "<group>"; };
		2FAF13B128417C69003A03B0 /* WeatherAPI.swift */ = {isa = PBXFileReference; fileEncoding = 4; lastKnownFileType = sourcecode.swift; path = WeatherAPI.swift; sourceTree = "<group>"; };
		2FAF13B228417C69003A03B0 /* NetworkingError.swift */ = {isa = PBXFileReference; fileEncoding = 4; lastKnownFileType = sourcecode.swift; path = NetworkingError.swift; sourceTree = "<group>"; };
		2FAF13B328417C69003A03B0 /* HTTPMethod.swift */ = {isa = PBXFileReference; fileEncoding = 4; lastKnownFileType = sourcecode.swift; path = HTTPMethod.swift; sourceTree = "<group>"; };
		2FAF13B428417C69003A03B0 /* HTTPScheme.swift */ = {isa = PBXFileReference; fileEncoding = 4; lastKnownFileType = sourcecode.swift; path = HTTPScheme.swift; sourceTree = "<group>"; };
		2FAF13B528417C69003A03B0 /* NetworkingManager.swift */ = {isa = PBXFileReference; fileEncoding = 4; lastKnownFileType = sourcecode.swift; path = NetworkingManager.swift; sourceTree = "<group>"; };
		2FAF13B628417C69003A03B0 /* API.swift */ = {isa = PBXFileReference; fileEncoding = 4; lastKnownFileType = sourcecode.swift; path = API.swift; sourceTree = "<group>"; };
		2FCA96D7284F7EEC00328173 /* DailyTableViewCell.swift */ = {isa = PBXFileReference; lastKnownFileType = sourcecode.swift; path = DailyTableViewCell.swift; sourceTree = "<group>"; };
		2FCA96D9284F924700328173 /* IntAndHourConfigure+Extension.swift */ = {isa = PBXFileReference; lastKnownFileType = sourcecode.swift; path = "IntAndHourConfigure+Extension.swift"; sourceTree = "<group>"; };
		2FCA96DB284F98A800328173 /* UIImageView+Extension.swift */ = {isa = PBXFileReference; lastKnownFileType = sourcecode.swift; path = "UIImageView+Extension.swift"; sourceTree = "<group>"; };
		2FCF35502872103A00EBCA88 /* ForecasCollectionViewCell.swift */ = {isa = PBXFileReference; lastKnownFileType = sourcecode.swift; path = ForecasCollectionViewCell.swift; sourceTree = "<group>"; };
		2FFB80E6288D660B0062BCCE /* weatherAppTest.xcdatamodel */ = {isa = PBXFileReference; lastKnownFileType = wrapper.xcdatamodel; path = weatherAppTest.xcdatamodel; sourceTree = "<group>"; };
		2FFB80EE288D6DD00062BCCE /* StorageManager.swift */ = {isa = PBXFileReference; lastKnownFileType = sourcecode.swift; path = StorageManager.swift; sourceTree = "<group>"; };
		2FFB80F0288D6DFD0062BCCE /* CoreDataStack.swift */ = {isa = PBXFileReference; lastKnownFileType = sourcecode.swift; path = CoreDataStack.swift; sourceTree = "<group>"; };
/* End PBXFileReference section */

/* Begin PBXFrameworksBuildPhase section */
		2FAF139528417BDB003A03B0 /* Frameworks */ = {
			isa = PBXFrameworksBuildPhase;
			buildActionMask = 2147483647;
			files = (
			);
			runOnlyForDeploymentPostprocessing = 0;
		};
/* End PBXFrameworksBuildPhase section */

/* Begin PBXGroup section */
		2F11560C284A4B84003B0A3E /* Extension */ = {
			isa = PBXGroup;
			children = (
				2FCA96D9284F924700328173 /* IntAndHourConfigure+Extension.swift */,
				2F115611284A66ED003B0A3E /* KelvinToCelsiusConverter+Extension.swift */,
				2FCA96DB284F98A800328173 /* UIImageView+Extension.swift */,
			);
			path = Extension;
			sourceTree = "<group>";
		};
		2F4E8D5A288D83EF00A1F14B /* CoreDataManager */ = {
			isa = PBXGroup;
			children = (
				2FFB80EE288D6DD00062BCCE /* StorageManager.swift */,
				2FFB80F0288D6DFD0062BCCE /* CoreDataStack.swift */,
			);
			path = CoreDataManager;
			sourceTree = "<group>";
		};
		2F4E8D5D288DD17D00A1F14B /* CitiesListViewController+Extension */ = {
			isa = PBXGroup;
			children = (
				2F4E8D5B288D842600A1F14B /* CitiesViewController+Extension.swift */,
			);
			path = "CitiesListViewController+Extension";
			sourceTree = "<group>";
		};
		2F4E8D5E288DD1A800A1F14B /* MainScreen */ = {
			isa = PBXGroup;
			children = (
				2F3D99A4284559D200F97BC5 /* MainPresenter.swift */,
				2FAF139F28417BDB003A03B0 /* MainViewController.swift */,
				2FCF35522872139B00EBCA88 /* MainViewController+Extension */,
				2FCA96DD284F998600328173 /* CustomViewCell */,
			);
			path = MainScreen;
			sourceTree = "<group>";
		};
		2F4E8D5F2891A73C00A1F14B /* CoreDataModel */ = {
			isa = PBXGroup;
			children = (
				2F4E8D53288D760A00A1F14B /* Item+CoreDataProperties.swift */,
				2F4E8D52288D760A00A1F14B /* Item+CoreDataClass.swift */,
			);
			path = CoreDataModel;
			sourceTree = "<group>";
		};
		2F8FEABA288D612400E32A77 /* CitiesListScreen */ = {
			isa = PBXGroup;
			children = (
				2F8FEAB5288D5D0100E32A77 /* CitiesListViewController.swift */,
				2F8FEAB3288D5CC000E32A77 /* CitiesListPresenter.swift */,
				2F4E8D5D288DD17D00A1F14B /* CitiesListViewController+Extension */,
			);
			path = CitiesListScreen;
			sourceTree = "<group>";
		};
		2FAF138F28417BDB003A03B0 = {
			isa = PBXGroup;
			children = (
				2FAF139A28417BDB003A03B0 /* weatherAppTest */,
				2FAF139928417BDB003A03B0 /* Products */,
			);
			sourceTree = "<group>";
		};
		2FAF139928417BDB003A03B0 /* Products */ = {
			isa = PBXGroup;
			children = (
				2FAF139828417BDB003A03B0 /* weatherAppTest.app */,
			);
			name = Products;
			sourceTree = "<group>";
		};
		2FAF139A28417BDB003A03B0 /* weatherAppTest */ = {
			isa = PBXGroup;
			children = (
				2F4E8D5E288DD1A800A1F14B /* MainScreen */,
				2F8FEABA288D612400E32A77 /* CitiesListScreen */,
				2F4E8D5A288D83EF00A1F14B /* CoreDataManager */,
				2F11560C284A4B84003B0A3E /* Extension */,
				2FAF13BD28417D0A003A03B0 /* Model */,
				2FAF13B028417C69003A03B0 /* networkManager */,
				2F4E8D5F2891A73C00A1F14B /* CoreDataModel */,
				2FAF13A628417BDD003A03B0 /* LaunchScreen.storyboard */,
				2FAF13A928417BDD003A03B0 /* Info.plist */,
				2FFB80E5288D660B0062BCCE /* weatherAppTest.xcdatamodeld */,
				2FAF139B28417BDB003A03B0 /* AppDelegate.swift */,
				2FAF139D28417BDB003A03B0 /* SceneDelegate.swift */,
				2FAF13A428417BDC003A03B0 /* Assets.xcassets */,
			);
			path = weatherAppTest;
			sourceTree = "<group>";
		};
		2FAF13B028417C69003A03B0 /* networkManager */ = {
			isa = PBXGroup;
			children = (
				2FAF13B128417C69003A03B0 /* WeatherAPI.swift */,
				2FAF13B228417C69003A03B0 /* NetworkingError.swift */,
				2FAF13B328417C69003A03B0 /* HTTPMethod.swift */,
				2FAF13B428417C69003A03B0 /* HTTPScheme.swift */,
				2FAF13B528417C69003A03B0 /* NetworkingManager.swift */,
				2FAF13B628417C69003A03B0 /* API.swift */,
			);
			path = networkManager;
			sourceTree = "<group>";
		};
		2FAF13BD28417D0A003A03B0 /* Model */ = {
			isa = PBXGroup;
			children = (
				2F3D997E28438AEE00F97BC5 /* WeatherModel.swift */,
				2F41BB5B286203DD00F66175 /* DailyModel.swift */,
			);
			path = Model;
			sourceTree = "<group>";
		};
		2FCA96DD284F998600328173 /* CustomViewCell */ = {
			isa = PBXGroup;
			children = (
				2FCA96D7284F7EEC00328173 /* DailyTableViewCell.swift */,
				2FCF35502872103A00EBCA88 /* ForecasCollectionViewCell.swift */,
			);
			path = CustomViewCell;
			sourceTree = "<group>";
		};
		2FCF35522872139B00EBCA88 /* MainViewController+Extension */ = {
			isa = PBXGroup;
			children = (
				2F11560D284A4BFA003B0A3E /* MainViewController+Extension.swift */,
			);
			path = "MainViewController+Extension";
			sourceTree = "<group>";
		};
/* End PBXGroup section */

/* Begin PBXNativeTarget section */
		2FAF139728417BDB003A03B0 /* weatherAppTest */ = {
			isa = PBXNativeTarget;
			buildConfigurationList = 2FAF13AC28417BDD003A03B0 /* Build configuration list for PBXNativeTarget "weatherAppTest" */;
			buildPhases = (
				2FAF139428417BDB003A03B0 /* Sources */,
				2FAF139528417BDB003A03B0 /* Frameworks */,
				2FAF139628417BDB003A03B0 /* Resources */,
			);
			buildRules = (
			);
			dependencies = (
			);
			name = weatherAppTest;
			productName = weatherAppTest;
			productReference = 2FAF139828417BDB003A03B0 /* weatherAppTest.app */;
			productType = "com.apple.product-type.application";
		};
/* End PBXNativeTarget section */

/* Begin PBXProject section */
		2FAF139028417BDB003A03B0 /* Project object */ = {
			isa = PBXProject;
			attributes = {
				BuildIndependentTargetsInParallel = 1;
				LastSwiftUpdateCheck = 1330;
				LastUpgradeCheck = 1330;
				TargetAttributes = {
					2FAF139728417BDB003A03B0 = {
						CreatedOnToolsVersion = 13.3.1;
					};
				};
			};
			buildConfigurationList = 2FAF139328417BDB003A03B0 /* Build configuration list for PBXProject "weatherAppTest" */;
			compatibilityVersion = "Xcode 13.0";
			developmentRegion = en;
			hasScannedForEncodings = 0;
			knownRegions = (
				en,
				Base,
			);
			mainGroup = 2FAF138F28417BDB003A03B0;
			productRefGroup = 2FAF139928417BDB003A03B0 /* Products */;
			projectDirPath = "";
			projectRoot = "";
			targets = (
				2FAF139728417BDB003A03B0 /* weatherAppTest */,
			);
		};
/* End PBXProject section */

/* Begin PBXResourcesBuildPhase section */
		2FAF139628417BDB003A03B0 /* Resources */ = {
			isa = PBXResourcesBuildPhase;
			buildActionMask = 2147483647;
			files = (
				2FAF13A828417BDD003A03B0 /* LaunchScreen.storyboard in Resources */,
				2FAF13A528417BDC003A03B0 /* Assets.xcassets in Resources */,
			);
			runOnlyForDeploymentPostprocessing = 0;
		};
/* End PBXResourcesBuildPhase section */

/* Begin PBXSourcesBuildPhase section */
		2FAF139428417BDB003A03B0 /* Sources */ = {
			isa = PBXSourcesBuildPhase;
			buildActionMask = 2147483647;
			files = (
				2FAF13B728417C69003A03B0 /* WeatherAPI.swift in Sources */,
				2FAF13A028417BDB003A03B0 /* MainViewController.swift in Sources */,
				2FAF13B928417C69003A03B0 /* HTTPMethod.swift in Sources */,
				2FFB80F1288D6DFD0062BCCE /* CoreDataStack.swift in Sources */,
				2F115612284A66ED003B0A3E /* KelvinToCelsiusConverter+Extension.swift in Sources */,
				2FCA96D8284F7EEC00328173 /* DailyTableViewCell.swift in Sources */,
				2F4E8D54288D760A00A1F14B /* Item+CoreDataClass.swift in Sources */,
				2FCA96DA284F924700328173 /* IntAndHourConfigure+Extension.swift in Sources */,
				2FAF13BA28417C69003A03B0 /* HTTPScheme.swift in Sources */,
				2F11560E284A4BFA003B0A3E /* MainViewController+Extension.swift in Sources */,
				2FAF139C28417BDB003A03B0 /* AppDelegate.swift in Sources */,
				2FAF13BB28417C69003A03B0 /* NetworkingManager.swift in Sources */,
				2F3D99A5284559D200F97BC5 /* MainPresenter.swift in Sources */,
				2FAF139E28417BDB003A03B0 /* SceneDelegate.swift in Sources */,
				2F8FEAB4288D5CC000E32A77 /* CitiesListPresenter.swift in Sources */,
				2FFB80E7288D660B0062BCCE /* weatherAppTest.xcdatamodeld in Sources */,
				2FCF35512872103A00EBCA88 /* ForecasCollectionViewCell.swift in Sources */,
				2FAF13BC28417C69003A03B0 /* API.swift in Sources */,
				2FCA96DC284F98A800328173 /* UIImageView+Extension.swift in Sources */,
				2F4E8D55288D760A00A1F14B /* Item+CoreDataProperties.swift in Sources */,
				2FAF13B828417C69003A03B0 /* NetworkingError.swift in Sources */,
				2F8FEAB6288D5D0100E32A77 /* CitiesListViewController.swift in Sources */,
				2F3D997F28438AEE00F97BC5 /* WeatherModel.swift in Sources */,
				2F4E8D5C288D842600A1F14B /* CitiesViewController+Extension.swift in Sources */,
				2F41BB5C286203DD00F66175 /* DailyModel.swift in Sources */,
				2FFB80EF288D6DD00062BCCE /* StorageManager.swift in Sources */,
			);
			runOnlyForDeploymentPostprocessing = 0;
		};
/* End PBXSourcesBuildPhase section */

/* Begin PBXVariantGroup section */
		2FAF13A628417BDD003A03B0 /* LaunchScreen.storyboard */ = {
			isa = PBXVariantGroup;
			children = (
				2FAF13A728417BDD003A03B0 /* Base */,
			);
			name = LaunchScreen.storyboard;
			sourceTree = "<group>";
		};
/* End PBXVariantGroup section */

/* Begin XCBuildConfiguration section */
		2FAF13AA28417BDD003A03B0 /* Debug */ = {
			isa = XCBuildConfiguration;
			buildSettings = {
				ALWAYS_SEARCH_USER_PATHS = NO;
				CLANG_ANALYZER_NONNULL = YES;
				CLANG_ANALYZER_NUMBER_OBJECT_CONVERSION = YES_AGGRESSIVE;
				CLANG_CXX_LANGUAGE_STANDARD = "gnu++17";
				CLANG_ENABLE_MODULES = YES;
				CLANG_ENABLE_OBJC_ARC = YES;
				CLANG_ENABLE_OBJC_WEAK = YES;
				CLANG_WARN_BLOCK_CAPTURE_AUTORELEASING = YES;
				CLANG_WARN_BOOL_CONVERSION = YES;
				CLANG_WARN_COMMA = YES;
				CLANG_WARN_CONSTANT_CONVERSION = YES;
				CLANG_WARN_DEPRECATED_OBJC_IMPLEMENTATIONS = YES;
				CLANG_WARN_DIRECT_OBJC_ISA_USAGE = YES_ERROR;
				CLANG_WARN_DOCUMENTATION_COMMENTS = YES;
				CLANG_WARN_EMPTY_BODY = YES;
				CLANG_WARN_ENUM_CONVERSION = YES;
				CLANG_WARN_INFINITE_RECURSION = YES;
				CLANG_WARN_INT_CONVERSION = YES;
				CLANG_WARN_NON_LITERAL_NULL_CONVERSION = YES;
				CLANG_WARN_OBJC_IMPLICIT_RETAIN_SELF = YES;
				CLANG_WARN_OBJC_LITERAL_CONVERSION = YES;
				CLANG_WARN_OBJC_ROOT_CLASS = YES_ERROR;
				CLANG_WARN_QUOTED_INCLUDE_IN_FRAMEWORK_HEADER = YES;
				CLANG_WARN_RANGE_LOOP_ANALYSIS = YES;
				CLANG_WARN_STRICT_PROTOTYPES = YES;
				CLANG_WARN_SUSPICIOUS_MOVE = YES;
				CLANG_WARN_UNGUARDED_AVAILABILITY = YES_AGGRESSIVE;
				CLANG_WARN_UNREACHABLE_CODE = YES;
				CLANG_WARN__DUPLICATE_METHOD_MATCH = YES;
				COPY_PHASE_STRIP = NO;
				DEBUG_INFORMATION_FORMAT = dwarf;
				ENABLE_STRICT_OBJC_MSGSEND = YES;
				ENABLE_TESTABILITY = YES;
				GCC_C_LANGUAGE_STANDARD = gnu11;
				GCC_DYNAMIC_NO_PIC = NO;
				GCC_NO_COMMON_BLOCKS = YES;
				GCC_OPTIMIZATION_LEVEL = 0;
				GCC_PREPROCESSOR_DEFINITIONS = (
					"DEBUG=1",
					"$(inherited)",
				);
				GCC_WARN_64_TO_32_BIT_CONVERSION = YES;
				GCC_WARN_ABOUT_RETURN_TYPE = YES_ERROR;
				GCC_WARN_UNDECLARED_SELECTOR = YES;
				GCC_WARN_UNINITIALIZED_AUTOS = YES_AGGRESSIVE;
				GCC_WARN_UNUSED_FUNCTION = YES;
				GCC_WARN_UNUSED_VARIABLE = YES;
				IPHONEOS_DEPLOYMENT_TARGET = 15.4;
				MTL_ENABLE_DEBUG_INFO = INCLUDE_SOURCE;
				MTL_FAST_MATH = YES;
				ONLY_ACTIVE_ARCH = YES;
				SDKROOT = iphoneos;
				SWIFT_ACTIVE_COMPILATION_CONDITIONS = DEBUG;
				SWIFT_OPTIMIZATION_LEVEL = "-Onone";
			};
			name = Debug;
		};
		2FAF13AB28417BDD003A03B0 /* Release */ = {
			isa = XCBuildConfiguration;
			buildSettings = {
				ALWAYS_SEARCH_USER_PATHS = NO;
				CLANG_ANALYZER_NONNULL = YES;
				CLANG_ANALYZER_NUMBER_OBJECT_CONVERSION = YES_AGGRESSIVE;
				CLANG_CXX_LANGUAGE_STANDARD = "gnu++17";
				CLANG_ENABLE_MODULES = YES;
				CLANG_ENABLE_OBJC_ARC = YES;
				CLANG_ENABLE_OBJC_WEAK = YES;
				CLANG_WARN_BLOCK_CAPTURE_AUTORELEASING = YES;
				CLANG_WARN_BOOL_CONVERSION = YES;
				CLANG_WARN_COMMA = YES;
				CLANG_WARN_CONSTANT_CONVERSION = YES;
				CLANG_WARN_DEPRECATED_OBJC_IMPLEMENTATIONS = YES;
				CLANG_WARN_DIRECT_OBJC_ISA_USAGE = YES_ERROR;
				CLANG_WARN_DOCUMENTATION_COMMENTS = YES;
				CLANG_WARN_EMPTY_BODY = YES;
				CLANG_WARN_ENUM_CONVERSION = YES;
				CLANG_WARN_INFINITE_RECURSION = YES;
				CLANG_WARN_INT_CONVERSION = YES;
				CLANG_WARN_NON_LITERAL_NULL_CONVERSION = YES;
				CLANG_WARN_OBJC_IMPLICIT_RETAIN_SELF = YES;
				CLANG_WARN_OBJC_LITERAL_CONVERSION = YES;
				CLANG_WARN_OBJC_ROOT_CLASS = YES_ERROR;
				CLANG_WARN_QUOTED_INCLUDE_IN_FRAMEWORK_HEADER = YES;
				CLANG_WARN_RANGE_LOOP_ANALYSIS = YES;
				CLANG_WARN_STRICT_PROTOTYPES = YES;
				CLANG_WARN_SUSPICIOUS_MOVE = YES;
				CLANG_WARN_UNGUARDED_AVAILABILITY = YES_AGGRESSIVE;
				CLANG_WARN_UNREACHABLE_CODE = YES;
				CLANG_WARN__DUPLICATE_METHOD_MATCH = YES;
				COPY_PHASE_STRIP = NO;
				DEBUG_INFORMATION_FORMAT = "dwarf-with-dsym";
				ENABLE_NS_ASSERTIONS = NO;
				ENABLE_STRICT_OBJC_MSGSEND = YES;
				GCC_C_LANGUAGE_STANDARD = gnu11;
				GCC_NO_COMMON_BLOCKS = YES;
				GCC_WARN_64_TO_32_BIT_CONVERSION = YES;
				GCC_WARN_ABOUT_RETURN_TYPE = YES_ERROR;
				GCC_WARN_UNDECLARED_SELECTOR = YES;
				GCC_WARN_UNINITIALIZED_AUTOS = YES_AGGRESSIVE;
				GCC_WARN_UNUSED_FUNCTION = YES;
				GCC_WARN_UNUSED_VARIABLE = YES;
				IPHONEOS_DEPLOYMENT_TARGET = 15.4;
				MTL_ENABLE_DEBUG_INFO = NO;
				MTL_FAST_MATH = YES;
				SDKROOT = iphoneos;
				SWIFT_COMPILATION_MODE = wholemodule;
				SWIFT_OPTIMIZATION_LEVEL = "-O";
				VALIDATE_PRODUCT = YES;
			};
			name = Release;
		};
		2FAF13AD28417BDD003A03B0 /* Debug */ = {
			isa = XCBuildConfiguration;
			buildSettings = {
				ASSETCATALOG_COMPILER_APPICON_NAME = AppIcon;
				ASSETCATALOG_COMPILER_GLOBAL_ACCENT_COLOR_NAME = AccentColor;
				ASSETCATALOG_COMPILER_INCLUDE_ALL_APPICON_ASSETS = YES;
				CODE_SIGN_IDENTITY = "Apple Development";
				CODE_SIGN_STYLE = Automatic;
				CURRENT_PROJECT_VERSION = 1;
				DEVELOPMENT_TEAM = QU59G69L84;
				GENERATE_INFOPLIST_FILE = YES;
				INFOPLIST_FILE = weatherAppTest/Info.plist;
				INFOPLIST_KEY_CFBundleDisplayName = WeatherApp;
				INFOPLIST_KEY_NSLocationAlwaysAndWhenInUseUsageDescription = "App need your location";
				INFOPLIST_KEY_NSLocationAlwaysUsageDescription = "App need your location";
				INFOPLIST_KEY_NSLocationWhenInUseUsageDescription = "App need your location";
				INFOPLIST_KEY_UIApplicationSupportsIndirectInputEvents = YES;
				INFOPLIST_KEY_UILaunchStoryboardName = LaunchScreen;
				INFOPLIST_KEY_UISupportedInterfaceOrientations_iPad = "UIInterfaceOrientationPortrait UIInterfaceOrientationPortraitUpsideDown UIInterfaceOrientationLandscapeLeft UIInterfaceOrientationLandscapeRight";
				INFOPLIST_KEY_UISupportedInterfaceOrientations_iPhone = "UIInterfaceOrientationPortrait UIInterfaceOrientationLandscapeLeft UIInterfaceOrientationLandscapeRight";
				LD_RUNPATH_SEARCH_PATHS = (
					"$(inherited)",
					"@executable_path/Frameworks",
				);
				MARKETING_VERSION = 1.0;
				PRODUCT_BUNDLE_IDENTIFIER = com.weatherAppTest;
				PRODUCT_NAME = "$(TARGET_NAME)";
				PROVISIONING_PROFILE_SPECIFIER = "";
				SWIFT_EMIT_LOC_STRINGS = YES;
				SWIFT_VERSION = 5.0;
				TARGETED_DEVICE_FAMILY = "1,2";
			};
			name = Debug;
		};
		2FAF13AE28417BDD003A03B0 /* Release */ = {
			isa = XCBuildConfiguration;
			buildSettings = {
				ASSETCATALOG_COMPILER_APPICON_NAME = AppIcon;
				ASSETCATALOG_COMPILER_GLOBAL_ACCENT_COLOR_NAME = AccentColor;
				ASSETCATALOG_COMPILER_INCLUDE_ALL_APPICON_ASSETS = YES;
				CODE_SIGN_IDENTITY = "Apple Development";
				CODE_SIGN_STYLE = Automatic;
				CURRENT_PROJECT_VERSION = 1;
				DEVELOPMENT_TEAM = QU59G69L84;
				GENERATE_INFOPLIST_FILE = YES;
				INFOPLIST_FILE = weatherAppTest/Info.plist;
				INFOPLIST_KEY_CFBundleDisplayName = WeatherApp;
				INFOPLIST_KEY_NSLocationAlwaysAndWhenInUseUsageDescription = "App need your location";
				INFOPLIST_KEY_NSLocationAlwaysUsageDescription = "App need your location";
				INFOPLIST_KEY_NSLocationWhenInUseUsageDescription = "App need your location";
				INFOPLIST_KEY_UIApplicationSupportsIndirectInputEvents = YES;
				INFOPLIST_KEY_UILaunchStoryboardName = LaunchScreen;
				INFOPLIST_KEY_UISupportedInterfaceOrientations_iPad = "UIInterfaceOrientationPortrait UIInterfaceOrientationPortraitUpsideDown UIInterfaceOrientationLandscapeLeft UIInterfaceOrientationLandscapeRight";
				INFOPLIST_KEY_UISupportedInterfaceOrientations_iPhone = "UIInterfaceOrientationPortrait UIInterfaceOrientationLandscapeLeft UIInterfaceOrientationLandscapeRight";
				LD_RUNPATH_SEARCH_PATHS = (
					"$(inherited)",
					"@executable_path/Frameworks",
				);
				MARKETING_VERSION = 1.0;
				PRODUCT_BUNDLE_IDENTIFIER = com.weatherAppTest;
				PRODUCT_NAME = "$(TARGET_NAME)";
				PROVISIONING_PROFILE_SPECIFIER = "";
				SWIFT_EMIT_LOC_STRINGS = YES;
				SWIFT_VERSION = 5.0;
				TARGETED_DEVICE_FAMILY = "1,2";
			};
			name = Release;
		};
/* End XCBuildConfiguration section */

/* Begin XCConfigurationList section */
		2FAF139328417BDB003A03B0 /* Build configuration list for PBXProject "weatherAppTest" */ = {
			isa = XCConfigurationList;
			buildConfigurations = (
				2FAF13AA28417BDD003A03B0 /* Debug */,
				2FAF13AB28417BDD003A03B0 /* Release */,
			);
			defaultConfigurationIsVisible = 0;
			defaultConfigurationName = Release;
		};
		2FAF13AC28417BDD003A03B0 /* Build configuration list for PBXNativeTarget "weatherAppTest" */ = {
			isa = XCConfigurationList;
			buildConfigurations = (
				2FAF13AD28417BDD003A03B0 /* Debug */,
				2FAF13AE28417BDD003A03B0 /* Release */,
			);
			defaultConfigurationIsVisible = 0;
			defaultConfigurationName = Release;
		};
/* End XCConfigurationList section */

/* Begin XCVersionGroup section */
		2FFB80E5288D660B0062BCCE /* weatherAppTest.xcdatamodeld */ = {
			isa = XCVersionGroup;
			children = (
				2FFB80E6288D660B0062BCCE /* weatherAppTest.xcdatamodel */,
			);
			currentVersion = 2FFB80E6288D660B0062BCCE /* weatherAppTest.xcdatamodel */;
			path = weatherAppTest.xcdatamodeld;
			sourceTree = "<group>";
			versionGroupType = wrapper.xcdatamodel;
		};
/* End XCVersionGroup section */
	};
	rootObject = 2FAF139028417BDB003A03B0 /* Project object */;
}
